
Microsoft Visual Studio Solution File, Format Version 12.00
# Visual Studio Version 17
VisualStudioVersion = 17.7.34003.232
MinimumVisualStudioVersion = 10.0.40219.1
Project("{FAE04EC0-301F-11D3-BF4B-00C04F79EFBC}") = "Feladat1", "Feladat1\Feladat1.csproj", "{DEEB75BB-679A-4AA6-8819-3FFF3575C0D5}"
EndProject
Project("{FAE04EC0-301F-11D3-BF4B-00C04F79EFBC}") = "ClassLibrary1", "ClassLibrary1\ClassLibrary1.csproj", "{E7A1AB7F-F0BC-4F4C-93CF-1DC3AC93F30E}"
EndProject
Global
	GlobalSection(SolutionConfigurationPlatforms) = preSolution
		Debug|Any CPU = Debug|Any CPU
		Release|Any CPU = Release|Any CPU
	EndGlobalSection
	GlobalSection(ProjectConfigurationPlatforms) = postSolution
		{DEEB75BB-679A-4AA6-8819-3FFF3575C0D5}.Debug|Any CPU.ActiveCfg = Debug|Any CPU
		{DEEB75BB-679A-4AA6-8819-3FFF3575C0D5}.Debug|Any CPU.Build.0 = Debug|Any CPU
		{DEEB75BB-679A-4AA6-8819-3FFF3575C0D5}.Release|Any CPU.ActiveCfg = Release|Any CPU
		{DEEB75BB-679A-4AA6-8819-3FFF3575C0D5}.Release|Any CPU.Build.0 = Release|Any CPU
		{E7A1AB7F-F0BC-4F4C-93CF-1DC3AC93F30E}.Debug|Any CPU.ActiveCfg = Debug|Any CPU
		{E7A1AB7F-F0BC-4F4C-93CF-1DC3AC93F30E}.Debug|Any CPU.Build.0 = Debug|Any CPU
		{E7A1AB7F-F0BC-4F4C-93CF-1DC3AC93F30E}.Release|Any CPU.ActiveCfg = Release|Any CPU
		{E7A1AB7F-F0BC-4F4C-93CF-1DC3AC93F30E}.Release|Any CPU.Build.0 = Release|Any CPU
	EndGlobalSection
	GlobalSection(SolutionProperties) = preSolution
		HideSolutionNode = FALSE
	EndGlobalSection
	GlobalSection(ExtensibilityGlobals) = postSolution
		SolutionGuid = {F4AF295A-1362-492F-9320-B0BA376DC301}
	EndGlobalSection
EndGlobal
