
Microsoft Visual Studio Solution File, Format Version 12.00
# Visual Studio Version 17
VisualStudioVersion = 17.7.34003.232
MinimumVisualStudioVersion = 10.0.40219.1
Project("{9A19103F-16F7-4668-BE54-9A1E7A4F7556}") = "Dolgozat", "Dolgozat\Dolgozat.csproj", "{3A636306-8ABB-4D01-B6C0-085ED9901A4F}"
EndProject
Project("{9A19103F-16F7-4668-BE54-9A1E7A4F7556}") = "ClassLibrary1", "ClassLibrary1\ClassLibrary1.csproj", "{58B359DF-C28C-452C-BCA5-2F713ABC8C1B}"
EndProject
Global
	GlobalSection(SolutionConfigurationPlatforms) = preSolution
		Debug|Any CPU = Debug|Any CPU
		Release|Any CPU = Release|Any CPU
	EndGlobalSection
	GlobalSection(ProjectConfigurationPlatforms) = postSolution
		{3A636306-8ABB-4D01-B6C0-085ED9901A4F}.Debug|Any CPU.ActiveCfg = Debug|Any CPU
		{3A636306-8ABB-4D01-B6C0-085ED9901A4F}.Debug|Any CPU.Build.0 = Debug|Any CPU
		{3A636306-8ABB-4D01-B6C0-085ED9901A4F}.Release|Any CPU.ActiveCfg = Release|Any CPU
		{3A636306-8ABB-4D01-B6C0-085ED9901A4F}.Release|Any CPU.Build.0 = Release|Any CPU
		{58B359DF-C28C-452C-BCA5-2F713ABC8C1B}.Debug|Any CPU.ActiveCfg = Debug|Any CPU
		{58B359DF-C28C-452C-BCA5-2F713ABC8C1B}.Debug|Any CPU.Build.0 = Debug|Any CPU
		{58B359DF-C28C-452C-BCA5-2F713ABC8C1B}.Release|Any CPU.ActiveCfg = Release|Any CPU
		{58B359DF-C28C-452C-BCA5-2F713ABC8C1B}.Release|Any CPU.Build.0 = Release|Any CPU
	EndGlobalSection
	GlobalSection(SolutionProperties) = preSolution
		HideSolutionNode = FALSE
	EndGlobalSection
	GlobalSection(ExtensibilityGlobals) = postSolution
		SolutionGuid = {7A468108-FD48-4D7E-8DBA-87D76D397B6F}
	EndGlobalSection
EndGlobal
